{
    "_readme": [
        "This file locks the dependencies of your project to a known state",
        "Read more about it at https://getcomposer.org/doc/01-basic-usage.md#installing-dependencies",
        "This file is @generated automatically"
    ],
    "content-hash": "364dca4c8acb9f6372cc87204d3f7f0a",
    "packages": [
        {
            "name": "haudevw3/foundation",
            "version": "1.0.6",
            "source": {
                "type": "git",
                "url": "https://github.com/haudevw3/foundation.git",
                "reference": "772a94f0f94569c0e0ec0316a48195879ef5a6c8"
            },
            "dist": {
                "type": "zip",
                "url": "https://api.github.com/repos/haudevw3/foundation/zipball/772a94f0f94569c0e0ec0316a48195879ef5a6c8",
                "reference": "772a94f0f94569c0e0ec0316a48195879ef5a6c8",
                "shasum": ""
            },
            "require": {
                "php": "^7.3|^8.0"
            },
            "type": "library",
            "autoload": {
                "files": [
                    "src/Foundation/Application/helpers.php",
                    "src/Foundation/Support/helpers.php"
                ],
                "psr-4": {
                    "Foundation\\Log\\": "src/Foundation/Log/",
                    "Foundation\\Auth\\": "src/Foundation/Auth/",
                    "Foundation\\Http\\": "src/Foundation/Http/",
                    "Foundation\\View\\": "src/Foundation/View/",
                    "Foundation\\Config\\": "src/Foundation/Config/",
                    "Foundation\\Cookie\\": "src/Foundation/Cookie/",
                    "Foundation\\Console\\": "src/Foundation/Console/",
                    "Foundation\\Routing\\": "src/Foundation/Routing/",
                    "Foundation\\Session\\": "src/Foundation/Session/",
                    "Foundation\\Support\\": "src/Foundation/Support/",
                    "Foundation\\Database\\": "src/Foundation/Database/",
                    "Foundation\\Container\\": "src/Foundation/Container/",
                    "Foundation\\Contracts\\": "src/Foundation/Contracts/",
                    "Foundation\\Macroable\\": "src/Foundation/Macroable/",
                    "Foundation\\Pagination\\": "src/Foundation/Pagination/",
                    "Foundation\\Validation\\": "src/Foundation/Validation/",
                    "Foundation\\Application\\": "src/Foundation/Application/"
                }
            },
            "notification-url": "https://packagist.org/downloads/",
            "license": [
                "MIT"
            ],
            "authors": [
                {
                    "name": "Nguyen Hau",
                    "email": "hau.nguyen.devw3@gmail.com"
                }
            ],
            "description": "A simple PHP foundation",
            "support": {
                "issues": "https://github.com/haudevw3/foundation/issues",
                "source": "https://github.com/haudevw3/foundation/tree/v1.0.6"
            },
            "time": "2024-06-17T06:01:36+00:00"
        }
    ],
    "packages-dev": [],
    "aliases": [],
    "minimum-stability": "dev",
    "stability-flags": [],
    "prefer-stable": true,
    "prefer-lowest": false,
    "platform": [],
    "platform-dev": [],
    "plugin-api-version": "2.6.0"
}
